
Microsoft Visual Studio Solution File, Format Version 12.00
# Visual Studio 15
VisualStudioVersion = 15.0.28307.1340
MinimumVisualStudioVersion = 10.0.40219.1
Project("{FAE04EC0-301F-11D3-BF4B-00C04F79EFBC}") = "WebApplication1", "WebApplication1\WebApplication1.csproj", "{8CCA631C-9D74-41D2-B7BD-B683786CEF17}"
EndProject
Global
	GlobalSection(SolutionConfigurationPlatforms) = preSolution
		Debug|Any CPU = Debug|Any CPU
		Release|Any CPU = Release|Any CPU
	EndGlobalSection
	GlobalSection(ProjectConfigurationPlatforms) = postSolution
		{8CCA631C-9D74-41D2-B7BD-B683786CEF17}.Debug|Any CPU.ActiveCfg = Debug|Any CPU
		{8CCA631C-9D74-41D2-B7BD-B683786CEF17}.Debug|Any CPU.Build.0 = Debug|Any CPU
		{8CCA631C-9D74-41D2-B7BD-B683786CEF17}.Release|Any CPU.ActiveCfg = Release|Any CPU
		{8CCA631C-9D74-41D2-B7BD-B683786CEF17}.Release|Any CPU.Build.0 = Release|Any CPU
	EndGlobalSection
	GlobalSection(SolutionProperties) = preSolution
		HideSolutionNode = FALSE
	EndGlobalSection
	GlobalSection(ExtensibilityGlobals) = postSolution
		SolutionGuid = {727925AE-A8E7-433E-8775-70393CD32034}
	EndGlobalSection
EndGlobal
